
Microsoft Visual Studio Solution File, Format Version 12.00
# Visual Studio Version 16
VisualStudioVersion = 16.0.31702.278
MinimumVisualStudioVersion = 10.0.40219.1
Project("{888888A0-9F3D-457C-B088-3A5042F75D52}") = "OP-6 Lab Pt", "OP-6 Lab Pt\OP-6 Lab Pt.pyproj", "{DD742277-3ECA-4511-B5CD-092944689F03}"
EndProject
Global
	GlobalSection(SolutionConfigurationPlatforms) = preSolution
		Debug|Any CPU = Debug|Any CPU
		Release|Any CPU = Release|Any CPU
	EndGlobalSection
	GlobalSection(ProjectConfigurationPlatforms) = postSolution
		{DD742277-3ECA-4511-B5CD-092944689F03}.Debug|Any CPU.ActiveCfg = Debug|Any CPU
		{DD742277-3ECA-4511-B5CD-092944689F03}.Release|Any CPU.ActiveCfg = Release|Any CPU
	EndGlobalSection
	GlobalSection(SolutionProperties) = preSolution
		HideSolutionNode = FALSE
	EndGlobalSection
	GlobalSection(ExtensibilityGlobals) = postSolution
		SolutionGuid = {38CDD97B-440F-45EB-88AB-1FFD5F39F121}
	EndGlobalSection
EndGlobal
